{
  "name": "rag-course-project",
  "lockfileVersion": 3,
  "requires": true,
  "packages": {
    "": {
      "dependencies": {
        "hoolius": "^2.0.0"
      }
    },
    "node_modules/hoolius": {
      "version": "2.0.0",
      "resolved": "https://registry.npmjs.org/hoolius/-/hoolius-2.0.0.tgz",
      "integrity": "sha512-ob+l3Rh5F/XTN3AgpHgou2Ai6R3mwc/H7TPJiiP6fHQxs6VFz6X/3KI8DSkkGYnVd8+t7oDDRWVgLJQke/KJ+A==",
      "cpu": [
        "x64",
        "arm64"
      ],
      "license": "MIT",
      "os": [
        "win32",
        "linux",
        "darwin"
      ],
      "bin": {
        "hoolius": "bin/hoolius.js"
      }
    }
  }
}
